dependencies:
- name: mongodb-kubernetes
  repository: https://mongodb.github.io/helm-charts
  version: 1.7.0
- name: clickhouse-operator-helm
  repository: oci://ghcr.io/clickhouse
  version: 0.0.6
digest: sha256:5afcb0d78e0ceecf1a18f3f7dfb52ee2627b7acea2621ffa411ee7bfb530adf7
generated: "2026-06-19T17:41:30.214406+02:00"
