dependencies:
- name: mongodb-kubernetes
  repository: https://mongodb.github.io/helm-charts
  version: 1.7.0
- name: opentelemetry-collector
  repository: https://open-telemetry.github.io/opentelemetry-helm-charts
  version: 0.146.1
digest: sha256:3078fbb8ccb967114dc60d940e0eb2b2c78b511e0e4195cce43b30b6c6f45dbc
generated: "2026-03-02T16:38:33.936035-06:00"
