dependencies:
- name: mongodb-kubernetes
  repository: https://mongodb.github.io/helm-charts
  version: 1.7.0
- name: opentelemetry-collector
  repository: https://open-telemetry.github.io/opentelemetry-helm-charts
  version: 0.146.1
- name: clickhouse-operator-helm
  repository: oci://ghcr.io/clickhouse
  version: 0.0.2
digest: sha256:9bdcab295e223f9756e147713ecaae7e88d9084f8ef7118cb3a2cc01aefde5dd
generated: "2026-03-03T13:35:47.406511-06:00"
